// !$*UTF8*$!
{
	archiveVersion = 1;
	classes = {
	};
	objectVersion = 55;
	objects = {

/* Begin PBXBuildFile section */
		2908B7F72843AAEC00D668AB /* YoutubeSearchResponse.swift in Sources */ = {isa = PBXBuildFile; fileRef = 2908B7F62843AAEC00D668AB /* YoutubeSearchResponse.swift */; };
		2908B7F92843B6F100D668AB /* TitlePreviewViewController.swift in Sources */ = {isa = PBXBuildFile; fileRef = 2908B7F82843B6F100D668AB /* TitlePreviewViewController.swift */; };
		2908B7FB2843BD3800D668AB /* TitlePreviewViewModel.swift in Sources */ = {isa = PBXBuildFile; fileRef = 2908B7FA2843BD3800D668AB /* TitlePreviewViewModel.swift */; };
		29336E952843CD6A00EE5B8B /* Search.swift in Sources */ = {isa = PBXBuildFile; fileRef = 29336E942843CD6A00EE5B8B /* Search.swift */; };
		29865AFC2843273100718A38 /* TitleCollectionViewCell.swift in Sources */ = {isa = PBXBuildFile; fileRef = 29865AFB2843273100718A38 /* TitleCollectionViewCell.swift */; };
		29865AFF284329A900718A38 /* SDWebImage in Frameworks */ = {isa = PBXBuildFile; productRef = 29865AFE284329A900718A38 /* SDWebImage */; };
		29865B01284329A900718A38 /* SDWebImageMapKit in Frameworks */ = {isa = PBXBuildFile; productRef = 29865B00284329A900718A38 /* SDWebImageMapKit */; };
		29865B03284346CF00718A38 /* TitleTableViewCell.swift in Sources */ = {isa = PBXBuildFile; fileRef = 29865B02284346CF00718A38 /* TitleTableViewCell.swift */; };
		29865B0528434C2500718A38 /* TitleViewModel.swift in Sources */ = {isa = PBXBuildFile; fileRef = 29865B0428434C2500718A38 /* TitleViewModel.swift */; };
		29865B072843769600718A38 /* SearchResultsViewController.swift in Sources */ = {isa = PBXBuildFile; fileRef = 29865B062843769600718A38 /* SearchResultsViewController.swift */; };
		29DE28892841EE2E00421A6B /* APICaller.swift in Sources */ = {isa = PBXBuildFile; fileRef = 29DE28882841EE2E00421A6B /* APICaller.swift */; };
		29DE288B2842330B00421A6B /* Title.swift in Sources */ = {isa = PBXBuildFile; fileRef = 29DE288A2842330B00421A6B /* Title.swift */; };
		29DE28912842712400421A6B /* Extension.swift in Sources */ = {isa = PBXBuildFile; fileRef = 29DE28902842712400421A6B /* Extension.swift */; };
		29F12C4228410C33007F9320 /* AppDelegate.swift in Sources */ = {isa = PBXBuildFile; fileRef = 29F12C4128410C33007F9320 /* AppDelegate.swift */; };
		29F12C4428410C33007F9320 /* SceneDelegate.swift in Sources */ = {isa = PBXBuildFile; fileRef = 29F12C4328410C33007F9320 /* SceneDelegate.swift */; };
		29F12C4628410C33007F9320 /* MainTabBarViewController.swift in Sources */ = {isa = PBXBuildFile; fileRef = 29F12C4528410C33007F9320 /* MainTabBarViewController.swift */; };
		29F12C4B28410C34007F9320 /* Assets.xcassets in Resources */ = {isa = PBXBuildFile; fileRef = 29F12C4A28410C34007F9320 /* Assets.xcassets */; };
		29F12C4E28410C34007F9320 /* LaunchScreen.storyboard in Resources */ = {isa = PBXBuildFile; fileRef = 29F12C4C28410C34007F9320 /* LaunchScreen.storyboard */; };
		29F12C5728410EBB007F9320 /* HomeViewController.swift in Sources */ = {isa = PBXBuildFile; fileRef = 29F12C5628410EBB007F9320 /* HomeViewController.swift */; };
		29F12C5928410F0C007F9320 /* UpCommingViewController.swift in Sources */ = {isa = PBXBuildFile; fileRef = 29F12C5828410F0C007F9320 /* UpCommingViewController.swift */; };
		29F12C5B28410F3C007F9320 /* SearchViewController.swift in Sources */ = {isa = PBXBuildFile; fileRef = 29F12C5A28410F3C007F9320 /* SearchViewController.swift */; };
		29F12C5D28410F68007F9320 /* DownloadsViewController.swift in Sources */ = {isa = PBXBuildFile; fileRef = 29F12C5C28410F68007F9320 /* DownloadsViewController.swift */; };
		29F12C6628412C3A007F9320 /* CollectionViewTableViewCell.swift in Sources */ = {isa = PBXBuildFile; fileRef = 29F12C6528412C3A007F9320 /* CollectionViewTableViewCell.swift */; };
		29F12C68284136B1007F9320 /* HeroHeaderUIView.swift in Sources */ = {isa = PBXBuildFile; fileRef = 29F12C67284136B1007F9320 /* HeroHeaderUIView.swift */; };
/* End PBXBuildFile section */

/* Begin PBXFileReference section */
		2908B7F62843AAEC00D668AB /* YoutubeSearchResponse.swift */ = {isa = PBXFileReference; lastKnownFileType = sourcecode.swift; path = YoutubeSearchResponse.swift; sourceTree = "<group>"; };
		2908B7F82843B6F100D668AB /* TitlePreviewViewController.swift */ = {isa = PBXFileReference; lastKnownFileType = sourcecode.swift; path = TitlePreviewViewController.swift; sourceTree = "<group>"; };
		2908B7FA2843BD3800D668AB /* TitlePreviewViewModel.swift */ = {isa = PBXFileReference; lastKnownFileType = sourcecode.swift; path = TitlePreviewViewModel.swift; sourceTree = "<group>"; };
		29336E942843CD6A00EE5B8B /* Search.swift */ = {isa = PBXFileReference; lastKnownFileType = sourcecode.swift; path = Search.swift; sourceTree = "<group>"; };
		29865AFB2843273100718A38 /* TitleCollectionViewCell.swift */ = {isa = PBXFileReference; lastKnownFileType = sourcecode.swift; path = TitleCollectionViewCell.swift; sourceTree = "<group>"; };
		29865B02284346CF00718A38 /* TitleTableViewCell.swift */ = {isa = PBXFileReference; lastKnownFileType = sourcecode.swift; path = TitleTableViewCell.swift; sourceTree = "<group>"; };
		29865B0428434C2500718A38 /* TitleViewModel.swift */ = {isa = PBXFileReference; lastKnownFileType = sourcecode.swift; path = TitleViewModel.swift; sourceTree = "<group>"; };
		29865B062843769600718A38 /* SearchResultsViewController.swift */ = {isa = PBXFileReference; lastKnownFileType = sourcecode.swift; path = SearchResultsViewController.swift; sourceTree = "<group>"; };
		29DE28882841EE2E00421A6B /* APICaller.swift */ = {isa = PBXFileReference; lastKnownFileType = sourcecode.swift; path = APICaller.swift; sourceTree = "<group>"; };
		29DE288A2842330B00421A6B /* Title.swift */ = {isa = PBXFileReference; lastKnownFileType = sourcecode.swift; path = Title.swift; sourceTree = "<group>"; };
		29DE28902842712400421A6B /* Extension.swift */ = {isa = PBXFileReference; lastKnownFileType = sourcecode.swift; path = Extension.swift; sourceTree = "<group>"; };
		29F12C3E28410C33007F9320 /* Netflix.app */ = {isa = PBXFileReference; explicitFileType = wrapper.application; includeInIndex = 0; path = Netflix.app; sourceTree = BUILT_PRODUCTS_DIR; };
		29F12C4128410C33007F9320 /* AppDelegate.swift */ = {isa = PBXFileReference; lastKnownFileType = sourcecode.swift; path = AppDelegate.swift; sourceTree = "<group>"; };
		29F12C4328410C33007F9320 /* SceneDelegate.swift */ = {isa = PBXFileReference; lastKnownFileType = sourcecode.swift; path = SceneDelegate.swift; sourceTree = "<group>"; };
		29F12C4528410C33007F9320 /* MainTabBarViewController.swift */ = {isa = PBXFileReference; lastKnownFileType = sourcecode.swift; path = MainTabBarViewController.swift; sourceTree = "<group>"; };
		29F12C4A28410C34007F9320 /* Assets.xcassets */ = {isa = PBXFileReference; lastKnownFileType = folder.assetcatalog; path = Assets.xcassets; sourceTree = "<group>"; };
		29F12C4D28410C34007F9320 /* Base */ = {isa = PBXFileReference; lastKnownFileType = file.storyboard; name = Base; path = Base.lproj/LaunchScreen.storyboard; sourceTree = "<group>"; };
		29F12C4F28410C34007F9320 /* Info.plist */ = {isa = PBXFileReference; lastKnownFileType = text.plist.xml; path = Info.plist; sourceTree = "<group>"; };
		29F12C5628410EBB007F9320 /* HomeViewController.swift */ = {isa = PBXFileReference; lastKnownFileType = sourcecode.swift; path = HomeViewController.swift; sourceTree = "<group>"; };
		29F12C5828410F0C007F9320 /* UpCommingViewController.swift */ = {isa = PBXFileReference; lastKnownFileType = sourcecode.swift; path = UpCommingViewController.swift; sourceTree = "<group>"; };
		29F12C5A28410F3C007F9320 /* SearchViewController.swift */ = {isa = PBXFileReference; lastKnownFileType = sourcecode.swift; path = SearchViewController.swift; sourceTree = "<group>"; };
		29F12C5C28410F68007F9320 /* DownloadsViewController.swift */ = {isa = PBXFileReference; lastKnownFileType = sourcecode.swift; path = DownloadsViewController.swift; sourceTree = "<group>"; };
		29F12C6528412C3A007F9320 /* CollectionViewTableViewCell.swift */ = {isa = PBXFileReference; lastKnownFileType = sourcecode.swift; path = CollectionViewTableViewCell.swift; sourceTree = "<group>"; };
		29F12C67284136B1007F9320 /* HeroHeaderUIView.swift */ = {isa = PBXFileReference; lastKnownFileType = sourcecode.swift; path = HeroHeaderUIView.swift; sourceTree = "<group>"; };
/* End PBXFileReference section */

/* Begin PBXFrameworksBuildPhase section */
		29F12C3B28410C33007F9320 /* Frameworks */ = {
			isa = PBXFrameworksBuildPhase;
			buildActionMask = 2147483647;
			files = (
				29865B01284329A900718A38 /* SDWebImageMapKit in Frameworks */,
				29865AFF284329A900718A38 /* SDWebImage in Frameworks */,
			);
			runOnlyForDeploymentPostprocessing = 0;
		};
/* End PBXFrameworksBuildPhase section */

/* Begin PBXGroup section */
		29865B08284376E200718A38 /* Core */ = {
			isa = PBXGroup;
			children = (
				29F12C5628410EBB007F9320 /* HomeViewController.swift */,
				29F12C5828410F0C007F9320 /* UpCommingViewController.swift */,
				29F12C5A28410F3C007F9320 /* SearchViewController.swift */,
				29F12C5C28410F68007F9320 /* DownloadsViewController.swift */,
			);
			path = Core;
			sourceTree = "<group>";
		};
		29865B092843770500718A38 /* General */ = {
			isa = PBXGroup;
			children = (
				29865B062843769600718A38 /* SearchResultsViewController.swift */,
				2908B7F82843B6F100D668AB /* TitlePreviewViewController.swift */,
			);
			path = General;
			sourceTree = "<group>";
		};
		29F12C3528410C33007F9320 = {
			isa = PBXGroup;
			children = (
				29F12C4028410C33007F9320 /* Netflix */,
				29F12C3F28410C33007F9320 /* Products */,
			);
			sourceTree = "<group>";
		};
		29F12C3F28410C33007F9320 /* Products */ = {
			isa = PBXGroup;
			children = (
				29F12C3E28410C33007F9320 /* Netflix.app */,
			);
			name = Products;
			sourceTree = "<group>";
		};
		29F12C4028410C33007F9320 /* Netflix */ = {
			isa = PBXGroup;
			children = (
				29F12C6428412BC3007F9320 /* Managers */,
				29F12C6328412BB7007F9320 /* Resources */,
				29F12C6128412B77007F9320 /* Models */,
				29F12C5F28412B3C007F9320 /* ViewModels */,
				29F12C5E28412B36007F9320 /* Views */,
				29F12C5528410E7C007F9320 /* Controllers */,
				29F12C4128410C33007F9320 /* AppDelegate.swift */,
				29F12C4328410C33007F9320 /* SceneDelegate.swift */,
				29F12C4528410C33007F9320 /* MainTabBarViewController.swift */,
				29F12C4A28410C34007F9320 /* Assets.xcassets */,
				29F12C4C28410C34007F9320 /* LaunchScreen.storyboard */,
				29F12C4F28410C34007F9320 /* Info.plist */,
			);
			path = Netflix;
			sourceTree = "<group>";
		};
		29F12C5528410E7C007F9320 /* Controllers */ = {
			isa = PBXGroup;
			children = (
				29865B092843770500718A38 /* General */,
				29865B08284376E200718A38 /* Core */,
			);
			path = Controllers;
			sourceTree = "<group>";
		};
		29F12C5E28412B36007F9320 /* Views */ = {
			isa = PBXGroup;
			children = (
				29F12C6528412C3A007F9320 /* CollectionViewTableViewCell.swift */,
				29F12C67284136B1007F9320 /* HeroHeaderUIView.swift */,
				29865AFB2843273100718A38 /* TitleCollectionViewCell.swift */,
				29865B02284346CF00718A38 /* TitleTableViewCell.swift */,
			);
			path = Views;
			sourceTree = "<group>";
		};
		29F12C5F28412B3C007F9320 /* ViewModels */ = {
			isa = PBXGroup;
			children = (
				29865B0428434C2500718A38 /* TitleViewModel.swift */,
				2908B7FA2843BD3800D668AB /* TitlePreviewViewModel.swift */,
			);
			path = ViewModels;
			sourceTree = "<group>";
		};
		29F12C6128412B77007F9320 /* Models */ = {
			isa = PBXGroup;
			children = (
				29DE288A2842330B00421A6B /* Title.swift */,
				2908B7F62843AAEC00D668AB /* YoutubeSearchResponse.swift */,
				29336E942843CD6A00EE5B8B /* Search.swift */,
			);
			path = Models;
			sourceTree = "<group>";
		};
		29F12C6328412BB7007F9320 /* Resources */ = {
			isa = PBXGroup;
			children = (
				29DE28902842712400421A6B /* Extension.swift */,
			);
			path = Resources;
			sourceTree = "<group>";
		};
		29F12C6428412BC3007F9320 /* Managers */ = {
			isa = PBXGroup;
			children = (
				29DE28882841EE2E00421A6B /* APICaller.swift */,
			);
			path = Managers;
			sourceTree = "<group>";
		};
/* End PBXGroup section */

/* Begin PBXNativeTarget section */
		29F12C3D28410C33007F9320 /* Netflix */ = {
			isa = PBXNativeTarget;
			buildConfigurationList = 29F12C5228410C34007F9320 /* Build configuration list for PBXNativeTarget "Netflix" */;
			buildPhases = (
				29F12C3A28410C33007F9320 /* Sources */,
				29F12C3B28410C33007F9320 /* Frameworks */,
				29F12C3C28410C33007F9320 /* Resources */,
			);
			buildRules = (
			);
			dependencies = (
			);
			name = Netflix;
			packageProductDependencies = (
				29865AFE284329A900718A38 /* SDWebImage */,
				29865B00284329A900718A38 /* SDWebImageMapKit */,
			);
			productName = Netflix;
			productReference = 29F12C3E28410C33007F9320 /* Netflix.app */;
			productType = "com.apple.product-type.application";
		};
/* End PBXNativeTarget section */

/* Begin PBXProject section */
		29F12C3628410C33007F9320 /* Project object */ = {
			isa = PBXProject;
			attributes = {
				BuildIndependentTargetsInParallel = 1;
				LastSwiftUpdateCheck = 1330;
				LastUpgradeCheck = 1330;
				TargetAttributes = {
					29F12C3D28410C33007F9320 = {
						CreatedOnToolsVersion = 13.3.1;
					};
				};
			};
			buildConfigurationList = 29F12C3928410C33007F9320 /* Build configuration list for PBXProject "Netflix" */;
			compatibilityVersion = "Xcode 13.0";
			developmentRegion = en;
			hasScannedForEncodings = 0;
			knownRegions = (
				en,
				Base,
			);
			mainGroup = 29F12C3528410C33007F9320;
			packageReferences = (
				29865AFD284329A900718A38 /* XCRemoteSwiftPackageReference "SDWebImage" */,
			);
			productRefGroup = 29F12C3F28410C33007F9320 /* Products */;
			projectDirPath = "";
			projectRoot = "";
			targets = (
				29F12C3D28410C33007F9320 /* Netflix */,
			);
		};
/* End PBXProject section */

/* Begin PBXResourcesBuildPhase section */
		29F12C3C28410C33007F9320 /* Resources */ = {
			isa = PBXResourcesBuildPhase;
			buildActionMask = 2147483647;
			files = (
				29F12C4E28410C34007F9320 /* LaunchScreen.storyboard in Resources */,
				29F12C4B28410C34007F9320 /* Assets.xcassets in Resources */,
			);
			runOnlyForDeploymentPostprocessing = 0;
		};
/* End PBXResourcesBuildPhase section */

/* Begin PBXSourcesBuildPhase section */
		29F12C3A28410C33007F9320 /* Sources */ = {
			isa = PBXSourcesBuildPhase;
			buildActionMask = 2147483647;
			files = (
				29865B03284346CF00718A38 /* TitleTableViewCell.swift in Sources */,
				29F12C5B28410F3C007F9320 /* SearchViewController.swift in Sources */,
				29F12C4628410C33007F9320 /* MainTabBarViewController.swift in Sources */,
				29F12C6628412C3A007F9320 /* CollectionViewTableViewCell.swift in Sources */,
				29DE28892841EE2E00421A6B /* APICaller.swift in Sources */,
				29F12C68284136B1007F9320 /* HeroHeaderUIView.swift in Sources */,
				29F12C5D28410F68007F9320 /* DownloadsViewController.swift in Sources */,
				29865AFC2843273100718A38 /* TitleCollectionViewCell.swift in Sources */,
				29F12C5928410F0C007F9320 /* UpCommingViewController.swift in Sources */,
				29865B072843769600718A38 /* SearchResultsViewController.swift in Sources */,
				29DE28912842712400421A6B /* Extension.swift in Sources */,
				2908B7F72843AAEC00D668AB /* YoutubeSearchResponse.swift in Sources */,
				29F12C4228410C33007F9320 /* AppDelegate.swift in Sources */,
				2908B7FB2843BD3800D668AB /* TitlePreviewViewModel.swift in Sources */,
				29F12C4428410C33007F9320 /* SceneDelegate.swift in Sources */,
				2908B7F92843B6F100D668AB /* TitlePreviewViewController.swift in Sources */,
				29DE288B2842330B00421A6B /* Title.swift in Sources */,
				29336E952843CD6A00EE5B8B /* Search.swift in Sources */,
				29F12C5728410EBB007F9320 /* HomeViewController.swift in Sources */,
				29865B0528434C2500718A38 /* TitleViewModel.swift in Sources */,
			);
			runOnlyForDeploymentPostprocessing = 0;
		};
/* End PBXSourcesBuildPhase section */

/* Begin PBXVariantGroup section */
		29F12C4C28410C34007F9320 /* LaunchScreen.storyboard */ = {
			isa = PBXVariantGroup;
			children = (
				29F12C4D28410C34007F9320 /* Base */,
			);
			name = LaunchScreen.storyboard;
			sourceTree = "<group>";
		};
/* End PBXVariantGroup section */

/* Begin XCBuildConfiguration section */
		29F12C5028410C34007F9320 /* Debug */ = {
			isa = XCBuildConfiguration;
			buildSettings = {
				ALWAYS_SEARCH_USER_PATHS = NO;
				CLANG_ANALYZER_NONNULL = YES;
				CLANG_ANALYZER_NUMBER_OBJECT_CONVERSION = YES_AGGRESSIVE;
				CLANG_CXX_LANGUAGE_STANDARD = "gnu++17";
				CLANG_ENABLE_MODULES = YES;
				CLANG_ENABLE_OBJC_ARC = YES;
				CLANG_ENABLE_OBJC_WEAK = YES;
				CLANG_WARN_BLOCK_CAPTURE_AUTORELEASING = YES;
				CLANG_WARN_BOOL_CONVERSION = YES;
				CLANG_WARN_COMMA = YES;
				CLANG_WARN_CONSTANT_CONVERSION = YES;
				CLANG_WARN_DEPRECATED_OBJC_IMPLEMENTATIONS = YES;
				CLANG_WARN_DIRECT_OBJC_ISA_USAGE = YES_ERROR;
				CLANG_WARN_DOCUMENTATION_COMMENTS = YES;
				CLANG_WARN_EMPTY_BODY = YES;
				CLANG_WARN_ENUM_CONVERSION = YES;
				CLANG_WARN_INFINITE_RECURSION = YES;
				CLANG_WARN_INT_CONVERSION = YES;
				CLANG_WARN_NON_LITERAL_NULL_CONVERSION = YES;
				CLANG_WARN_OBJC_IMPLICIT_RETAIN_SELF = YES;
				CLANG_WARN_OBJC_LITERAL_CONVERSION = YES;
				CLANG_WARN_OBJC_ROOT_CLASS = YES_ERROR;
				CLANG_WARN_QUOTED_INCLUDE_IN_FRAMEWORK_HEADER = YES;
				CLANG_WARN_RANGE_LOOP_ANALYSIS = YES;
				CLANG_WARN_STRICT_PROTOTYPES = YES;
				CLANG_WARN_SUSPICIOUS_MOVE = YES;
				CLANG_WARN_UNGUARDED_AVAILABILITY = YES_AGGRESSIVE;
				CLANG_WARN_UNREACHABLE_CODE = YES;
				CLANG_WARN__DUPLICATE_METHOD_MATCH = YES;
				COPY_PHASE_STRIP = NO;
				DEBUG_INFORMATION_FORMAT = dwarf;
				ENABLE_STRICT_OBJC_MSGSEND = YES;
				ENABLE_TESTABILITY = YES;
				GCC_C_LANGUAGE_STANDARD = gnu11;
				GCC_DYNAMIC_NO_PIC = NO;
				GCC_NO_COMMON_BLOCKS = YES;
				GCC_OPTIMIZATION_LEVEL = 0;
				GCC_PREPROCESSOR_DEFINITIONS = (
					"DEBUG=1",
					"$(inherited)",
				);
				GCC_WARN_64_TO_32_BIT_CONVERSION = YES;
				GCC_WARN_ABOUT_RETURN_TYPE = YES_ERROR;
				GCC_WARN_UNDECLARED_SELECTOR = YES;
				GCC_WARN_UNINITIALIZED_AUTOS = YES_AGGRESSIVE;
				GCC_WARN_UNUSED_FUNCTION = YES;
				GCC_WARN_UNUSED_VARIABLE = YES;
				IPHONEOS_DEPLOYMENT_TARGET = 15.4;
				MTL_ENABLE_DEBUG_INFO = INCLUDE_SOURCE;
				MTL_FAST_MATH = YES;
				ONLY_ACTIVE_ARCH = YES;
				SDKROOT = iphoneos;
				SWIFT_ACTIVE_COMPILATION_CONDITIONS = DEBUG;
				SWIFT_OPTIMIZATION_LEVEL = "-Onone";
			};
			name = Debug;
		};
		29F12C5128410C34007F9320 /* Release */ = {
			isa = XCBuildConfiguration;
			buildSettings = {
				ALWAYS_SEARCH_USER_PATHS = NO;
				CLANG_ANALYZER_NONNULL = YES;
				CLANG_ANALYZER_NUMBER_OBJECT_CONVERSION = YES_AGGRESSIVE;
				CLANG_CXX_LANGUAGE_STANDARD = "gnu++17";
				CLANG_ENABLE_MODULES = YES;
				CLANG_ENABLE_OBJC_ARC = YES;
				CLANG_ENABLE_OBJC_WEAK = YES;
				CLANG_WARN_BLOCK_CAPTURE_AUTORELEASING = YES;
				CLANG_WARN_BOOL_CONVERSION = YES;
				CLANG_WARN_COMMA = YES;
				CLANG_WARN_CONSTANT_CONVERSION = YES;
				CLANG_WARN_DEPRECATED_OBJC_IMPLEMENTATIONS = YES;
				CLANG_WARN_DIRECT_OBJC_ISA_USAGE = YES_ERROR;
				CLANG_WARN_DOCUMENTATION_COMMENTS = YES;
				CLANG_WARN_EMPTY_BODY = YES;
				CLANG_WARN_ENUM_CONVERSION = YES;
				CLANG_WARN_INFINITE_RECURSION = YES;
				CLANG_WARN_INT_CONVERSION = YES;
				CLANG_WARN_NON_LITERAL_NULL_CONVERSION = YES;
				CLANG_WARN_OBJC_IMPLICIT_RETAIN_SELF = YES;
				CLANG_WARN_OBJC_LITERAL_CONVERSION = YES;
				CLANG_WARN_OBJC_ROOT_CLASS = YES_ERROR;
				CLANG_WARN_QUOTED_INCLUDE_IN_FRAMEWORK_HEADER = YES;
				CLANG_WARN_RANGE_LOOP_ANALYSIS = YES;
				CLANG_WARN_STRICT_PROTOTYPES = YES;
				CLANG_WARN_SUSPICIOUS_MOVE = YES;
				CLANG_WARN_UNGUARDED_AVAILABILITY = YES_AGGRESSIVE;
				CLANG_WARN_UNREACHABLE_CODE = YES;
				CLANG_WARN__DUPLICATE_METHOD_MATCH = YES;
				COPY_PHASE_STRIP = NO;
				DEBUG_INFORMATION_FORMAT = "dwarf-with-dsym";
				ENABLE_NS_ASSERTIONS = NO;
				ENABLE_STRICT_OBJC_MSGSEND = YES;
				GCC_C_LANGUAGE_STANDARD = gnu11;
				GCC_NO_COMMON_BLOCKS = YES;
				GCC_WARN_64_TO_32_BIT_CONVERSION = YES;
				GCC_WARN_ABOUT_RETURN_TYPE = YES_ERROR;
				GCC_WARN_UNDECLARED_SELECTOR = YES;
				GCC_WARN_UNINITIALIZED_AUTOS = YES_AGGRESSIVE;
				GCC_WARN_UNUSED_FUNCTION = YES;
				GCC_WARN_UNUSED_VARIABLE = YES;
				IPHONEOS_DEPLOYMENT_TARGET = 15.4;
				MTL_ENABLE_DEBUG_INFO = NO;
				MTL_FAST_MATH = YES;
				SDKROOT = iphoneos;
				SWIFT_COMPILATION_MODE = wholemodule;
				SWIFT_OPTIMIZATION_LEVEL = "-O";
				VALIDATE_PRODUCT = YES;
			};
			name = Release;
		};
		29F12C5328410C34007F9320 /* Debug */ = {
			isa = XCBuildConfiguration;
			buildSettings = {
				ASSETCATALOG_COMPILER_APPICON_NAME = AppIcon;
				ASSETCATALOG_COMPILER_GLOBAL_ACCENT_COLOR_NAME = AccentColor;
				CODE_SIGN_STYLE = Automatic;
				CURRENT_PROJECT_VERSION = 1;
				DEVELOPMENT_TEAM = M5ARS24R94;
				GENERATE_INFOPLIST_FILE = YES;
				INFOPLIST_FILE = Netflix/Info.plist;
				INFOPLIST_KEY_UIApplicationSupportsIndirectInputEvents = YES;
				INFOPLIST_KEY_UILaunchStoryboardName = LaunchScreen;
				INFOPLIST_KEY_UISupportedInterfaceOrientations_iPad = "UIInterfaceOrientationPortrait UIInterfaceOrientationPortraitUpsideDown UIInterfaceOrientationLandscapeLeft UIInterfaceOrientationLandscapeRight";
				INFOPLIST_KEY_UISupportedInterfaceOrientations_iPhone = "UIInterfaceOrientationPortrait UIInterfaceOrientationLandscapeLeft UIInterfaceOrientationLandscapeRight";
				LD_RUNPATH_SEARCH_PATHS = (
					"$(inherited)",
					"@executable_path/Frameworks",
				);
				MARKETING_VERSION = 1.0;
				PRODUCT_BUNDLE_IDENTIFIER = m1ky.Netflix;
				PRODUCT_NAME = "$(TARGET_NAME)";
				SWIFT_EMIT_LOC_STRINGS = YES;
				SWIFT_VERSION = 5.0;
				TARGETED_DEVICE_FAMILY = "1,2";
			};
			name = Debug;
		};
		29F12C5428410C34007F9320 /* Release */ = {
			isa = XCBuildConfiguration;
			buildSettings = {
				ASSETCATALOG_COMPILER_APPICON_NAME = AppIcon;
				ASSETCATALOG_COMPILER_GLOBAL_ACCENT_COLOR_NAME = AccentColor;
				CODE_SIGN_STYLE = Automatic;
				CURRENT_PROJECT_VERSION = 1;
				DEVELOPMENT_TEAM = M5ARS24R94;
				GENERATE_INFOPLIST_FILE = YES;
				INFOPLIST_FILE = Netflix/Info.plist;
				INFOPLIST_KEY_UIApplicationSupportsIndirectInputEvents = YES;
				INFOPLIST_KEY_UILaunchStoryboardName = LaunchScreen;
				INFOPLIST_KEY_UISupportedInterfaceOrientations_iPad = "UIInterfaceOrientationPortrait UIInterfaceOrientationPortraitUpsideDown UIInterfaceOrientationLandscapeLeft UIInterfaceOrientationLandscapeRight";
				INFOPLIST_KEY_UISupportedInterfaceOrientations_iPhone = "UIInterfaceOrientationPortrait UIInterfaceOrientationLandscapeLeft UIInterfaceOrientationLandscapeRight";
				LD_RUNPATH_SEARCH_PATHS = (
					"$(inherited)",
					"@executable_path/Frameworks",
				);
				MARKETING_VERSION = 1.0;
				PRODUCT_BUNDLE_IDENTIFIER = m1ky.Netflix;
				PRODUCT_NAME = "$(TARGET_NAME)";
				SWIFT_EMIT_LOC_STRINGS = YES;
				SWIFT_VERSION = 5.0;
				TARGETED_DEVICE_FAMILY = "1,2";
			};
			name = Release;
		};
/* End XCBuildConfiguration section */

/* Begin XCConfigurationList section */
		29F12C3928410C33007F9320 /* Build configuration list for PBXProject "Netflix" */ = {
			isa = XCConfigurationList;
			buildConfigurations = (
				29F12C5028410C34007F9320 /* Debug */,
				29F12C5128410C34007F9320 /* Release */,
			);
			defaultConfigurationIsVisible = 0;
			defaultConfigurationName = Release;
		};
		29F12C5228410C34007F9320 /* Build configuration list for PBXNativeTarget "Netflix" */ = {
			isa = XCConfigurationList;
			buildConfigurations = (
				29F12C5328410C34007F9320 /* Debug */,
				29F12C5428410C34007F9320 /* Release */,
			);
			defaultConfigurationIsVisible = 0;
			defaultConfigurationName = Release;
		};
/* End XCConfigurationList section */

/* Begin XCRemoteSwiftPackageReference section */
		29865AFD284329A900718A38 /* XCRemoteSwiftPackageReference "SDWebImage" */ = {
			isa = XCRemoteSwiftPackageReference;
			repositoryURL = "https://github.com/SDWebImage/SDWebImage.git";
			requirement = {
				kind = upToNextMajorVersion;
				minimumVersion = 5.0.0;
			};
		};
/* End XCRemoteSwiftPackageReference section */

/* Begin XCSwiftPackageProductDependency section */
		29865AFE284329A900718A38 /* SDWebImage */ = {
			isa = XCSwiftPackageProductDependency;
			package = 29865AFD284329A900718A38 /* XCRemoteSwiftPackageReference "SDWebImage" */;
			productName = SDWebImage;
		};
		29865B00284329A900718A38 /* SDWebImageMapKit */ = {
			isa = XCSwiftPackageProductDependency;
			package = 29865AFD284329A900718A38 /* XCRemoteSwiftPackageReference "SDWebImage" */;
			productName = SDWebImageMapKit;
		};
/* End XCSwiftPackageProductDependency section */
	};
	rootObject = 29F12C3628410C33007F9320 /* Project object */;
}
